
Microsoft Visual Studio Solution File, Format Version 12.00
# Visual Studio Version 16
VisualStudioVersion = 16.0.29721.120
MinimumVisualStudioVersion = 10.0.40219.1
Project("{FAE04EC0-301F-11D3-BF4B-00C04F79EFBC}") = "Rectangle", "Rectangle.csproj", "{A8879C72-4C71-4196-9645-F3FA92E359C9}"
EndProject
Global
	GlobalSection(SolutionConfigurationPlatforms) = preSolution
		Debug|Any CPU = Debug|Any CPU
		Release|Any CPU = Release|Any CPU
	EndGlobalSection
	GlobalSection(ProjectConfigurationPlatforms) = postSolution
		{A8879C72-4C71-4196-9645-F3FA92E359C9}.Debug|Any CPU.ActiveCfg = Debug|Any CPU
		{A8879C72-4C71-4196-9645-F3FA92E359C9}.Debug|Any CPU.Build.0 = Debug|Any CPU
		{A8879C72-4C71-4196-9645-F3FA92E359C9}.Release|Any CPU.ActiveCfg = Release|Any CPU
		{A8879C72-4C71-4196-9645-F3FA92E359C9}.Release|Any CPU.Build.0 = Release|Any CPU
	EndGlobalSection
	GlobalSection(SolutionProperties) = preSolution
		HideSolutionNode = FALSE
	EndGlobalSection
	GlobalSection(ExtensibilityGlobals) = postSolution
		SolutionGuid = {99FEC3CC-D3B3-45E3-8C76-D2BF6F91A7D1}
	EndGlobalSection
EndGlobal
